
Microsoft Visual Studio Solution File, Format Version 12.00
# Visual Studio 2013
Project("{FAE04EC0-301F-11D3-BF4B-00C04F79EFBC}") = "Project Batcrifice.CSharp", "Project Batcrifice.CSharp.csproj", "{65172232-626A-49C3-ED77-14E55D597BA4}"
EndProject
Global
	GlobalSection(SolutionConfigurationPlatforms) = preSolution
		Debug|Any CPU = Debug|Any CPU
		Release|Any CPU = Release|Any CPU
	EndGlobalSection
	GlobalSection(ProjectConfigurationPlatforms) = postSolution
		{65172232-626A-49C3-ED77-14E55D597BA4}.Debug|Any CPU.ActiveCfg = Debug|Any CPU
		{65172232-626A-49C3-ED77-14E55D597BA4}.Debug|Any CPU.Build.0 = Debug|Any CPU
		{65172232-626A-49C3-ED77-14E55D597BA4}.Release|Any CPU.ActiveCfg = Release|Any CPU
		{65172232-626A-49C3-ED77-14E55D597BA4}.Release|Any CPU.Build.0 = Release|Any CPU
	EndGlobalSection
	GlobalSection(SolutionProperties) = preSolution
		HideSolutionNode = FALSE
	EndGlobalSection
EndGlobal
