Microsoft Visual Studio Solution File, Format Version 11.00
# Visual Studio 2008

Project("{CD31E349-561E-F267-FA59-130018CC39EA}") = "Project Batcrifice", "Assembly-CSharp.csproj", "{70C5B063-441C-4A8E-A64C-E46A11CB1E65}"
EndProject
Global
	GlobalSection(SolutionConfigurationPlatforms) = preSolution
		Debug|Any CPU = Debug|Any CPU
		Release|Any CPU = Release|Any CPU
	EndGlobalSection
	GlobalSection(ProjectConfigurationPlatforms) = postSolution
		{70C5B063-441C-4A8E-A64C-E46A11CB1E65}.Debug|Any CPU.ActiveCfg = Debug|Any CPU
		{70C5B063-441C-4A8E-A64C-E46A11CB1E65}.Debug|Any CPU.Build.0 = Debug|Any CPU
		{70C5B063-441C-4A8E-A64C-E46A11CB1E65}.Release|Any CPU.ActiveCfg = Release|Any CPU
		{70C5B063-441C-4A8E-A64C-E46A11CB1E65}.Release|Any CPU.Build.0 = Release|Any CPU
	EndGlobalSection
	GlobalSection(SolutionProperties) = preSolution
		HideSolutionNode = FALSE
	EndGlobalSection
	GlobalSection(MonoDevelopProperties) = preSolution
		StartupItem = Assembly-CSharp.csproj
	EndGlobalSection
EndGlobal
